
Microsoft Visual Studio Solution File, Format Version 12.00
# Visual Studio Version 17
VisualStudioVersion = 17.12.35707.178 d17.12
MinimumVisualStudioVersion = 10.0.40219.1
Project("{FAE04EC0-301F-11D3-BF4B-00C04F79EFBC}") = "Week3IfAndSwitch", "Week3IfAndSwitch\Week3IfAndSwitch.csproj", "{2885D594-B40F-4496-B60B-D1A4AA14994E}"
EndProject
Project("{FAE04EC0-301F-11D3-BF4B-00C04F79EFBC}") = "OddOrEven", "OddOrEven\OddOrEven.csproj", "{607A32B5-21A1-4723-88F9-63F23D91438E}"
EndProject
Project("{FAE04EC0-301F-11D3-BF4B-00C04F79EFBC}") = "IfDayOfTheWeek", "IfDayOfTheWeek\IfDayOfTheWeek.csproj", "{C4879F3E-E787-4C45-9198-21EC6606D5AD}"
EndProject
Project("{FAE04EC0-301F-11D3-BF4B-00C04F79EFBC}") = "SwitchDayOfTheWeek", "SwitchDayOfTheWeek\SwitchDayOfTheWeek.csproj", "{6BAF9CF0-2FBC-43C6-B6B0-DBB33F650360}"
EndProject
Global
	GlobalSection(SolutionConfigurationPlatforms) = preSolution
		Debug|Any CPU = Debug|Any CPU
		Release|Any CPU = Release|Any CPU
	EndGlobalSection
	GlobalSection(ProjectConfigurationPlatforms) = postSolution
		{2885D594-B40F-4496-B60B-D1A4AA14994E}.Debug|Any CPU.ActiveCfg = Debug|Any CPU
		{2885D594-B40F-4496-B60B-D1A4AA14994E}.Debug|Any CPU.Build.0 = Debug|Any CPU
		{2885D594-B40F-4496-B60B-D1A4AA14994E}.Release|Any CPU.ActiveCfg = Release|Any CPU
		{2885D594-B40F-4496-B60B-D1A4AA14994E}.Release|Any CPU.Build.0 = Release|Any CPU
		{607A32B5-21A1-4723-88F9-63F23D91438E}.Debug|Any CPU.ActiveCfg = Debug|Any CPU
		{607A32B5-21A1-4723-88F9-63F23D91438E}.Debug|Any CPU.Build.0 = Debug|Any CPU
		{607A32B5-21A1-4723-88F9-63F23D91438E}.Release|Any CPU.ActiveCfg = Release|Any CPU
		{607A32B5-21A1-4723-88F9-63F23D91438E}.Release|Any CPU.Build.0 = Release|Any CPU
		{C4879F3E-E787-4C45-9198-21EC6606D5AD}.Debug|Any CPU.ActiveCfg = Debug|Any CPU
		{C4879F3E-E787-4C45-9198-21EC6606D5AD}.Debug|Any CPU.Build.0 = Debug|Any CPU
		{C4879F3E-E787-4C45-9198-21EC6606D5AD}.Release|Any CPU.ActiveCfg = Release|Any CPU
		{C4879F3E-E787-4C45-9198-21EC6606D5AD}.Release|Any CPU.Build.0 = Release|Any CPU
		{6BAF9CF0-2FBC-43C6-B6B0-DBB33F650360}.Debug|Any CPU.ActiveCfg = Debug|Any CPU
		{6BAF9CF0-2FBC-43C6-B6B0-DBB33F650360}.Debug|Any CPU.Build.0 = Debug|Any CPU
		{6BAF9CF0-2FBC-43C6-B6B0-DBB33F650360}.Release|Any CPU.ActiveCfg = Release|Any CPU
		{6BAF9CF0-2FBC-43C6-B6B0-DBB33F650360}.Release|Any CPU.Build.0 = Release|Any CPU
	EndGlobalSection
	GlobalSection(SolutionProperties) = preSolution
		HideSolutionNode = FALSE
	EndGlobalSection
EndGlobal
